# THIS IS AN AUTOGENERATED FILE. DO NOT EDIT THIS FILE DIRECTLY.
# yarn lockfile v1


"@types/async-retry@1.2.1":
  version "1.2.1"
  resolved "https://registry.yarnpkg.com/@types/async-retry/-/async-retry-1.2.1.tgz#fa9ac165907a8ee78f4924f4e393b656c65b5bb4"
  integrity sha512-yMQ6CVgICWtyFNBqJT3zqOc+TnqqEPLo4nKJNPFwcialiylil38Ie6q1ENeFTjvaLOkVim9K5LisHgAKJWidGQ==

"@types/lru-cache@4.1.1":
  version "4.1.1"
  resolved "https://registry.yarnpkg.com/@types/lru-cache/-/lru-cache-4.1.1.tgz#b2d87a5e3df8d4b18ca426c5105cd701c2306d40"
  integrity sha512-8mNEUG6diOrI6pMqOHrHPDBB1JsrpedeMK9AWGzVCQ7StRRribiT9BRvUmF8aUws9iBbVlgVekOT5Sgzc1MTKw==

"@types/node@10.12.18":
  version "10.12.18"
  resolved "https://registry.yarnpkg.com/@types/node/-/node-10.12.18.tgz#1d3ca764718915584fcd9f6344621b7672665c67"
  integrity sha512-fh+pAqt4xRzPfqA6eh3Z2y6fyZavRIumvjhaCL753+TVkGKGhpPeyrJG2JftD0T9q4GF00KjefsQ+PQNDdWQaQ==

"@zeit/dns-cached-resolve@2.1.0":
  version "2.1.0"
  resolved "https://registry.yarnpkg.com/@zeit/dns-cached-resolve/-/dns-cached-resolve-2.1.0.tgz#78583010df1683fdb7b05949b75593c9a8641bc1"
  integrity sha512-KD2zyRZEBNs9PJ3/ob7zx0CvR4wM0oV4G5s5gFfPwmM74GpFbUN2pAAivP2AXnUrJ14Nkh8NumNKOzOyc4LbFQ==
  dependencies:
    "@types/async-retry" "1.2.1"
    "@types/lru-cache" "4.1.1"
    "@types/node" "10.12.18"
    async-retry "1.2.3"
    lru-cache "5.1.1"

"@zeit/fetch-cached-dns@1.2.0":
  version "1.2.0"
  resolved "https://registry.yarnpkg.com/@zeit/fetch-cached-dns/-/fetch-cached-dns-1.2.0.tgz#2529bea33732df1044f72465b8f7760af7b53d46"
  integrity sha512-fEKOrDQJy3CewywYVwe2mHsv3H1rITmkfB68h2TiVOz6QWWuXU0C5xBIFG9Ov59sioEQdlk5829PXwJYyx6X0A==
  dependencies:
    "@zeit/dns-cached-resolve" "2.1.0"

"@zeit/fetch-retry@4.0.0":
  version "4.0.0"
  resolved "https://registry.yarnpkg.com/@zeit/fetch-retry/-/fetch-retry-4.0.0.tgz#ad7fe06c4ceb3dcbd76c04db95b1b624ed6fcf3f"
  integrity sha512-ALXnrCPpiVWha/L3Mm1klPhqmVTKmPQ2dmb5YIsSCrMBJugfhDb42kacVsvQ11vAFRE1LRaJ9Pmw16zEMvQnbw==
  dependencies:
    async-retry "^1.1.3"
    debug "^3.1.0"

"@zeit/fetch@^5.1.0":
  version "5.1.0"
  resolved "https://registry.yarnpkg.com/@zeit/fetch/-/fetch-5.1.0.tgz#5a24c03ce690f63a81543a016e54aa59f8ca71a0"
  integrity sha512-e+ZClpgyP8AlOcewSNrpJzXLjPLG+dXBnBg3vYXPYdYItj2dWaI1mRjiyBriH/U9Gt48wZJukz9Q3uhMYS4X6w==
  dependencies:
    "@types/async-retry" "1.2.1"
    "@zeit/fetch-cached-dns" "1.2.0"
    "@zeit/fetch-retry" "4.0.0"
    agentkeepalive "3.4.1"
    debug "3.1.0"

agentkeepalive@3.4.1:
  version "3.4.1"
  resolved "https://registry.yarnpkg.com/agentkeepalive/-/agentkeepalive-3.4.1.tgz#aa95aebc3a749bca5ed53e3880a09f5235b48f0c"
  integrity sha512-MPIwsZU9PP9kOrZpyu2042kYA8Fdt/AedQYkYXucHgF9QoD9dXVp0ypuGnHXSR0hTstBxdt85Xkh4JolYfK5wg==
  dependencies:
    humanize-ms "^1.2.1"

any-promise@^0.1.0:
  version "0.1.0"
  resolved "https://registry.yarnpkg.com/any-promise/-/any-promise-0.1.0.tgz#830b680aa7e56f33451d4b049f3bd8044498ee27"
  integrity sha1-gwtoCqflbzNFHUsEnzvYBESY7ic=

async-retry@1.2.3, async-retry@^1.1.3:
  version "1.2.3"
  resolved "https://registry.yarnpkg.com/async-retry/-/async-retry-1.2.3.tgz#a6521f338358d322b1a0012b79030c6f411d1ce0"
  integrity sha512-tfDb02Th6CE6pJUF2gjW5ZVjsgwlucVXOEQMvEX9JgSJMs9gAX+Nz3xRuJBKuUYjTSYORqvDBORdAQ3LU59g7Q==
  dependencies:
    retry "0.12.0"

debug@3.1.0:
  version "3.1.0"
  resolved "https://registry.yarnpkg.com/debug/-/debug-3.1.0.tgz#5bb5a0672628b64149566ba16819e61518c67261"
  integrity sha512-OX8XqP7/1a9cqkxYw2yXss15f26NKWBpDXQd0/uK/KPqdQhxbPa994hnzjcE2VqQpDslf55723cKPUOGSmMY3g==
  dependencies:
    ms "2.0.0"

debug@^3.1.0:
  version "3.2.6"
  resolved "https://registry.yarnpkg.com/debug/-/debug-3.2.6.tgz#e83d17de16d8a7efb7717edbe5fb10135eee629b"
  integrity sha512-mel+jf7nrtEl5Pn1Qx46zARXKDpBbvzezse7p7LqINmdoIk8PYP5SySaxEmYv6TZ0JyEKA1hsCId6DIhgITtWQ==
  dependencies:
    ms "^2.1.1"

htm@^2.1.1:
  version "2.1.1"
  resolved "https://registry.yarnpkg.com/htm/-/htm-2.1.1.tgz#5a53e5f2845c3181b1672f95c9bffaf3d621bb0e"
  integrity sha512-jgvB9nvlOE5xpI1W+juW8DPCe+Pn7mRDNaE4EOQNFqROm0O3l5deOvefK8C8hUaL1OHIX45mDEBSj7BMt+22VQ==

humanize-ms@^1.2.1:
  version "1.2.1"
  resolved "https://registry.yarnpkg.com/humanize-ms/-/humanize-ms-1.2.1.tgz#c46e3159a293f6b896da29316d8b6fe8bb79bbed"
  integrity sha1-xG4xWaKT9riW2ikxbYtv6Lt5u+0=
  dependencies:
    ms "^2.0.0"

lru-cache@5.1.1:
  version "5.1.1"
  resolved "https://registry.yarnpkg.com/lru-cache/-/lru-cache-5.1.1.tgz#1da27e6710271947695daf6848e847f01d84b920"
  integrity sha512-KpNARQA3Iwv+jTA0utUVVbrh+Jlrr1Fv0e56GGzAFOXN7dk/FviaDW8LHmK52DlcH4WP2n6gI8vN1aesBFgo9w==
  dependencies:
    yallist "^3.0.2"

ms@2.0.0:
  version "2.0.0"
  resolved "https://registry.yarnpkg.com/ms/-/ms-2.0.0.tgz#5608aeadfc00be6c2901df5f9861788de0d597c8"
  integrity sha1-VgiurfwAvmwpAd9fmGF4jeDVl8g=

ms@^2.0.0, ms@^2.1.1:
  version "2.1.1"
  resolved "https://registry.yarnpkg.com/ms/-/ms-2.1.1.tgz#30a5864eb3ebb0a66f2ebe6d727af06a09d86e0a"
  integrity sha512-tgp+dl5cGk28utYktBsrFqA7HKgrhgPsg6Z/EfhWI4gl1Hwq8B/GmY/0oXZ6nF8hDVesS/FpnYaD/kOWhYQvyg==

node-fetch@^2.3.0:
  version "2.3.0"
  resolved "https://registry.yarnpkg.com/node-fetch/-/node-fetch-2.3.0.tgz#1a1d940bbfb916a1d3e0219f037e89e71f8c5fa5"
  integrity sha512-MOd8pV3fxENbryESLgVIeaGKrdl+uaYhCSSVkjeOb/31/njTpcis5aWfdqgNlHIrKOLRbMnfPINPOML2CIFeXA==

preact-render-to-string@^4.1.0:
  version "4.1.0"
  resolved "https://registry.yarnpkg.com/preact-render-to-string/-/preact-render-to-string-4.1.0.tgz#70d98a8385cb86558366c558aad7311ebecb881d"
  integrity sha512-FlFBJRxo8z4cp6VsDmeYjIEx4ZK2clFJnKIvIj8K1IQCRm7ZgJ/SZ1+BotT86/Nc+V1pNtFabHoUi6gpjx5Pug==
  dependencies:
    pretty-format "^3.8.0"

preact@^8.4.2:
  version "8.4.2"
  resolved "https://registry.yarnpkg.com/preact/-/preact-8.4.2.tgz#1263b974a17d1ea80b66590e41ef786ced5d6a23"
  integrity sha512-TsINETWiisfB6RTk0wh3/mvxbGRvx+ljeBccZ4Z6MPFKgu/KFGyf2Bmw3Z/jlXhL5JlNKY6QAbA9PVyzIy9//A==

pretty-format@^3.8.0:
  version "3.8.0"
  resolved "https://registry.yarnpkg.com/pretty-format/-/pretty-format-3.8.0.tgz#bfbed56d5e9a776645f4b1ff7aa1a3ac4fa3c385"
  integrity sha1-v77VbV6ad2ZF9LH/eqGjrE+jw4U=

promise-map@^1.2.0:
  version "1.2.0"
  resolved "https://registry.yarnpkg.com/promise-map/-/promise-map-1.2.0.tgz#c310d85030f59270dff092c100a8b41c58f1c3d4"
  integrity sha1-wxDYUDD1knDf8JLBAKi0HFjxw9Q=
  dependencies:
    any-promise "^0.1.0"

retry@0.12.0:
  version "0.12.0"
  resolved "https://registry.yarnpkg.com/retry/-/retry-0.12.0.tgz#1b42a6266a21f07421d1b0b54b7dc167b01c013b"
  integrity sha1-G0KmJmoh8HQh0bC1S33BZ7AcATs=

vhtml@^2.1.0:
  version "2.1.0"
  resolved "https://registry.yarnpkg.com/vhtml/-/vhtml-2.1.0.tgz#a858ed2e328c595399a61ae88a0e00fb756be01c"
  integrity sha1-qFjtLjKMWVOZphroig4A+3Vr4Bw=

yallist@^3.0.2:
  version "3.0.3"
  resolved "https://registry.yarnpkg.com/yallist/-/yallist-3.0.3.tgz#b4b049e314be545e3ce802236d6cd22cd91c3de9"
  integrity sha512-S+Zk8DEWE6oKpV+vI3qWkaK+jSbIK86pCwe2IF/xwIpQ8jEuxpw9NyaGjmp9+BoJv5FV2piqCDcoCtStppiq2A==
